
Microsoft Visual Studio Solution File, Format Version 12.00
# Visual Studio Version 17
VisualStudioVersion = 17.0.32112.339
MinimumVisualStudioVersion = 10.0.40219.1
Project("{FAE04EC0-301F-11D3-BF4B-00C04F79EFBC}") = "LiveSplit.AVP2", "LiveSplit.AVP2.csproj", "{F511ACB9-ECAC-4AA0-B246-635C2D032359}"
EndProject
Project("{FAE04EC0-301F-11D3-BF4B-00C04F79EFBC}") = "LiveSplit.Core", "..\LiveSplit\src\LiveSplit.Core\LiveSplit.Core.csproj", "{276EFEBD-AE5E-4CF4-ACEE-4A09E63511F6}"
EndProject
Project("{FAE04EC0-301F-11D3-BF4B-00C04F79EFBC}") = "UpdateManager", "..\LiveSplit\src\UpdateManager\UpdateManager.csproj", "{80C36AFE-8E61-420D-AC49-6FB6E2BE5C93}"
EndProject
Global
	GlobalSection(SolutionConfigurationPlatforms) = preSolution
		Debug|Any CPU = Debug|Any CPU
		Release Candidate|Any CPU = Release Candidate|Any CPU
		Release|Any CPU = Release|Any CPU
	EndGlobalSection
	GlobalSection(ProjectConfigurationPlatforms) = postSolution
		{F511ACB9-ECAC-4AA0-B246-635C2D032359}.Debug|Any CPU.ActiveCfg = Debug|Any CPU
		{F511ACB9-ECAC-4AA0-B246-635C2D032359}.Debug|Any CPU.Build.0 = Debug|Any CPU
		{F511ACB9-ECAC-4AA0-B246-635C2D032359}.Release Candidate|Any CPU.ActiveCfg = Release|Any CPU
		{F511ACB9-ECAC-4AA0-B246-635C2D032359}.Release Candidate|Any CPU.Build.0 = Release|Any CPU
		{F511ACB9-ECAC-4AA0-B246-635C2D032359}.Release|Any CPU.ActiveCfg = Release|Any CPU
		{F511ACB9-ECAC-4AA0-B246-635C2D032359}.Release|Any CPU.Build.0 = Release|Any CPU
		{276EFEBD-AE5E-4CF4-ACEE-4A09E63511F6}.Debug|Any CPU.ActiveCfg = Debug|Any CPU
		{276EFEBD-AE5E-4CF4-ACEE-4A09E63511F6}.Debug|Any CPU.Build.0 = Debug|Any CPU
		{276EFEBD-AE5E-4CF4-ACEE-4A09E63511F6}.Release Candidate|Any CPU.ActiveCfg = Release|Any CPU
		{276EFEBD-AE5E-4CF4-ACEE-4A09E63511F6}.Release Candidate|Any CPU.Build.0 = Release|Any CPU
		{276EFEBD-AE5E-4CF4-ACEE-4A09E63511F6}.Release|Any CPU.ActiveCfg = Release|Any CPU
		{276EFEBD-AE5E-4CF4-ACEE-4A09E63511F6}.Release|Any CPU.Build.0 = Release|Any CPU
		{80C36AFE-8E61-420D-AC49-6FB6E2BE5C93}.Debug|Any CPU.ActiveCfg = Debug|Any CPU
		{80C36AFE-8E61-420D-AC49-6FB6E2BE5C93}.Debug|Any CPU.Build.0 = Debug|Any CPU
		{80C36AFE-8E61-420D-AC49-6FB6E2BE5C93}.Release Candidate|Any CPU.ActiveCfg = Release|Any CPU
		{80C36AFE-8E61-420D-AC49-6FB6E2BE5C93}.Release Candidate|Any CPU.Build.0 = Release|Any CPU
		{80C36AFE-8E61-420D-AC49-6FB6E2BE5C93}.Release|Any CPU.ActiveCfg = Release|Any CPU
		{80C36AFE-8E61-420D-AC49-6FB6E2BE5C93}.Release|Any CPU.Build.0 = Release|Any CPU
	EndGlobalSection
	GlobalSection(SolutionProperties) = preSolution
		HideSolutionNode = FALSE
	EndGlobalSection
	GlobalSection(ExtensibilityGlobals) = postSolution
		SolutionGuid = {2B7FAA5E-BFC3-4DF2-92DC-9AA76F9AFDFC}
	EndGlobalSection
EndGlobal
